{
  "version": 4,
  "terraform_version": "1.13.3",
  "serial": 181,
  "lineage": "8113dbe6-75b7-17fb-f842-6a8193407d11",
  "outputs": {
    "instance_public_ip": {
      "value": "65.2.137.186",
      "type": "string"
    },
    "s3_bucket": {
      "value": "myapp-bucket-fc5c297c",
      "type": "string"
    },
    "ssh_private_key_pem": {
      "value": "-----BEGIN RSA PRIVATE KEY-----\nMIIJKQIBAAKCAgEAt6ffTI+eTq0KpDrBVTJQVpXe/8I3t8VSgfnLye9oj+oof2x+\n6C5vqCZFB02x0FQOGe/GAvs6Bi0+gq24CfYIkMPH/V0zg3KJhqeroKfvt/QCmXvy\nunEXHTqRmhke69XICmsvmYnnqSyWZ71cp/QICv0aEcqxsZpkkbJ3Z6m95z1GuFfZ\nX8tIPOSjocztXByMcOPL8EIhnDLltWgSkHqYdQREBCLPTqYz3+2Qp6y6CZcgfi9R\n7WziXU5+JHXAVhsPYFPrjptKiWgVpqPM10dIoRORUS+HiV0a7PG13zuJ0d+LtsRh\nme9RYCdr3T2YWo1nTNOiaQhiaYIovYql1Vammbe469ebT2eKMkxqhjYtJ2nSUWyh\nchpYs8545KWvIUrffTBeBZyrXFGswI1a6uknOGPNhNXgbxxUU+87E6XjyDnltQnw\nia34GH0J+HYCI5YPHeOZ6QVDmf47zZUOUNFYKmOovKwGAvr92eAoWa16MZGe9k5D\nZgixrPwTY2F8VYnXVN02C3cRxaFVh3xIoreOEp8AExc2ukB+YcQqQ0+8SU9qIv4n\nyvVxVb8bg5xK7GSRa1QLU96gNrF785sPzjNcCDi5rrnRD+HcxIH7ASy8IPl3Vh6y\ngSK5Epk1cZV7d1DnUtfgxCWzytW62QHZg5jY56Mi7RKkMCnPqlq7qhAg54kCAwEA\nAQKCAgBPErdA5oEZjMWNKkL9ZJlUfliyM7P7qri4f42vlyWk+QOQwWzumLe4ZSnJ\nWDlb4iTkI+lUdUhpSmekqhkYKNdNRQ5BVzSLvu/Ziy2JEWVUBXptDQHYJkL2cbYo\n6/H1RmlHmxi2ebrFiw4DAnP3WElyOcFUsbnKJxhv5rAkcN/zxN1DF4ffB85FcYfG\nbU4xH5WUMXAoNMD12LAwZ+u+SxqDH2ANi9NIIKUrH8TtfJ/o6ymxSrxyhjP8SoRj\nPFOgfywipF9CWjhAaxEPW20hr25k8+DYXKd1jCHArN1KjP7s3tvvyCPhvDmENdTq\nP8/uBP3aBTDjGhoNJV5XJW/7J8C4qKBgw+Bj4DDC0dbRHUfNf48kVXEf6cPhaOhq\nT5tSprS1NUrYsNxE+YGx6zyki3J7DsNgXpbyAX3X28H0l9hqpYev9p4Yb1xHJG/7\nnD6Yw4jtf3mMqOf0dKcNzLegxAY66r2u9p09pg0PEOu1j4MLph/UFoBVG9971m/E\nFMN2WxkI0DzSxCIGSNU/cq/JqOdbY32ojsHdwuGuW5IfvmBQqLUaFzEXDD6jBvm6\ncZN5MhaNGvV1sGKB95jlwFz3GQq5wrRDKx+e5iuKQsDKszKFZ+TUCo/dSWJbKyHF\nF3ncUKb3/21WuND+5MGI8hNObYgU4EThvzVnd0FXcYN+LgisdQKCAQEA8b0A1z4c\nJ8O35eV1MLxnuIqNO1h61hFj7c+0wtLd/4cH76ovTnncYUNa8y9pWFFe5FdbasGo\nqL+fyN5umCm39ip8z0Hdom1HCDty9TUTQZvEl9TVPvBPjdysfOylzWlKS/OZYWx0\nqfOHGY9Ln8hJSNdlaN59ntJSToMpuep0Mkpxdz84jJ1QtRaaEFu7z0fsIjd+N+9L\nx2U9hQ/dKALAkl+SMo/uI9MIoiedyRN3gW7Q971HAxDPJ6r7Bbryir4eDrsbxr0S\n41QRfV843kkagcBy/RViNGNZYQxcjuyFo9i9208yo7f3uR5ZQoU5/2/4Ra+6fR87\nxwtF0ZGHOs0t1wKCAQEAwn2kiq7DvgXneWculCb9szdPS+r4mfPVfamxcSFbZlnr\nYufOCLBfKXsjkFSIvcfPTqW4B7NONYaqUZ8ZEzvXgdkXT69J251W+sCtJekPxCU+\nM6LtTZBvuw1atP3vm2GSLYfZs4fxmEMwYcbW9DRldOdx616BlV61SUUeNI+zpceE\nD8BFSOSW7+Wv9KfUXaeKnQk2wkeCK/yUPFc38bTOmMogCf4W/330g56vQpCRtvaX\nHfZZYH1D5oL/mBLuyJS+gMg9XV1nMLglEPlTSfKEKfqNBS5mnreqaumwsv3ZRnib\nXr1VPxp7wSWpE4wiLjaR0uxqbLylFfXzHwjXtTYpnwKCAQB29OUHBn9gagWC0gl7\nNBtuSm/5di7sTJ56Fi4DeTTZW59iJsMkwP7btgN5jCkw1sn1X6+Stz3B3JpKhHqz\n0kO+lWXZr7XbCh9cQ7TsSXPyYy648HkHgcYEL0WKLAHjNR7khTlDIdW/FCG1SDiU\npkC54ZT7qBD1KNZr4EuWO3N2k/+GCMxRFdDza+3gguPGusPOirRH3i/SLVW6tvXD\njKcq4HDXBNDRPDYRZaFVo4i5XsjiQHhDX/AwuwjP5xEXiTrNUPH4OG6lA2ef5E3d\nxOeQVh2/wNgUo5cGFMkvY+DXof67fxuSSSNUK0UNYPYLZxQrZrBEhiwqZLe0ywJa\nw0D9AoIBAQCptTy4jpra2wgKVVC9kfBaS270Dcpze+LUThg5YSQCAYB1w1NzHYNM\nDNkRfdH717g7JjuY7IrYBfPkWPFmaRc5hJbkv02xRm+5ShtMMzvAqcbHA+oRfnEg\nRRzbRaGocdE9zYbXM05K0IYNK5YxbO8CvVoYSVTFY+jIUHl039egVqITpHBQlLZo\nCoIo97FFL4ayVHHlwMQDYdhvdqOoU17az7R5Q7AJrHyJxROk/8VGY5GlYWrH2UZA\nhBpHNm4JtFEuyotRRsleJ7CgSQ62Pdm5T5lx5fVBlX4s4FGBPiQza9YXKxqRf6hw\n9027ctH4hUFlTUnoLAvZR82nTO38f5B9AoIBAQCVikf85S64RpUu+r3Jq68cUbS0\nnjdsz7gfl3de93GvffETwDL4dm37zrrrmjrHIJZtn5jW9CWlDtZAEGoCU8wUif0h\nTeffZTMUEF3v4QBtKcQkkRJNJFZ3Cs8WZdGlk4skTEoUToKy6XQFKAXY+flX9Q6b\nQqwlmylKC+3M6ytonzdCpCE1vmQZHBZvO8PfUOC2ExtVFYtiVGayR+3ItULJ0t0P\nvj6ora+sG7LZj+iAfmlGajuG1h8kabrzd1+BZFD5c/1is58vzJt0OM9iyR15T28u\njYYgO/fGBm+pgSleicQRsYm/WJqvY8urx9ShRD4123TKffpNVlHuERNzuv2+\n-----END RSA PRIVATE KEY-----\n",
      "type": "string",
      "sensitive": true
    }
  },
  "resources": [
    {
      "mode": "data",
      "type": "aws_ami",
      "name": "ubuntu",
      "provider": "provider[\"registry.terraform.io/hashicorp/aws\"]",
      "instances": [
        {
          "schema_version": 0,
          "attributes": {
            "architecture": "x86_64",
            "arn": "arn:aws:ec2:ap-south-1::image/ami-06cc5ebfb8571a147",
            "block_device_mappings": [
              {
                "device_name": "/dev/sda1",
                "ebs": {
                  "delete_on_termination": "true",
                  "encrypted": "false",
                  "iops": "0",
                  "snapshot_id": "snap-00ceaac6accfcd698",
                  "throughput": "0",
                  "volume_initialization_rate": "0",
                  "volume_size": "8",
                  "volume_type": "gp2"
                },
                "no_device": "",
                "virtual_name": ""
              },
              {
                "device_name": "/dev/sdb",
                "ebs": {},
                "no_device": "",
                "virtual_name": "ephemeral0"
              },
              {
                "device_name": "/dev/sdc",
                "ebs": {},
                "no_device": "",
                "virtual_name": "ephemeral1"
              }
            ],
            "boot_mode": "legacy-bios",
            "creation_date": "2025-06-25T05:32:35.000Z",
            "deprecation_time": "2027-06-25T05:32:35.000Z",
            "description": "Canonical, Ubuntu, 20.04, amd64 focal image",
            "ena_support": true,
            "executable_users": null,
            "filter": [
              {
                "name": "name",
                "values": [
                  "ubuntu/images/hvm-ssd/ubuntu-focal-20.04-amd64-server-*"
                ]
              }
            ],
            "hypervisor": "xen",
            "id": "ami-06cc5ebfb8571a147",
            "image_id": "ami-06cc5ebfb8571a147",
            "image_location": "amazon/ubuntu/images/hvm-ssd/ubuntu-focal-20.04-amd64-server-20250624",
            "image_owner_alias": "amazon",
            "image_type": "machine",
            "imds_support": "",
            "include_deprecated": false,
            "kernel_id": "",
            "last_launched_time": "",
            "most_recent": true,
            "name": "ubuntu/images/hvm-ssd/ubuntu-focal-20.04-amd64-server-20250624",
            "name_regex": null,
            "owner_id": "099720109477",
            "owners": [
              "099720109477"
            ],
            "platform": "",
            "platform_details": "Linux/UNIX",
            "product_codes": [],
            "public": true,
            "ramdisk_id": "",
            "root_device_name": "/dev/sda1",
            "root_device_type": "ebs",
            "root_snapshot_id": "snap-00ceaac6accfcd698",
            "sriov_net_support": "simple",
            "state": "available",
            "state_reason": {
              "code": "UNSET",
              "message": "UNSET"
            },
            "tags": {},
            "timeouts": null,
            "tpm_support": "",
            "uefi_data": null,
            "usage_operation": "RunInstances",
            "virtualization_type": "hvm"
          },
          "sensitive_attributes": [],
          "identity_schema_version": 0
        }
      ]
    },
    {
      "mode": "data",
      "type": "aws_availability_zones",
      "name": "available",
      "provider": "provider[\"registry.terraform.io/hashicorp/aws\"]",
      "instances": [
        {
          "schema_version": 0,
          "attributes": {
            "all_availability_zones": null,
            "exclude_names": null,
            "exclude_zone_ids": null,
            "filter": null,
            "group_names": [
              "ap-south-1-zg-1"
            ],
            "id": "ap-south-1",
            "names": [
              "ap-south-1a",
              "ap-south-1b",
              "ap-south-1c"
            ],
            "state": null,
            "timeouts": null,
            "zone_ids": [
              "aps1-az1",
              "aps1-az3",
              "aps1-az2"
            ]
          },
          "sensitive_attributes": [],
          "identity_schema_version": 0
        }
      ]
    },
    {
      "mode": "data",
      "type": "aws_iam_policy_document",
      "name": "assume_role",
      "provider": "provider[\"registry.terraform.io/hashicorp/aws\"]",
      "instances": [
        {
          "schema_version": 0,
          "attributes": {
            "id": "2851119427",
            "json": "{\n  \"Version\": \"2012-10-17\",\n  \"Statement\": [\n    {\n      \"Effect\": \"Allow\",\n      \"Action\": \"sts:AssumeRole\",\n      \"Principal\": {\n        \"Service\": \"ec2.amazonaws.com\"\n      }\n    }\n  ]\n}",
            "minified_json": "{\"Version\":\"2012-10-17\",\"Statement\":[{\"Effect\":\"Allow\",\"Action\":\"sts:AssumeRole\",\"Principal\":{\"Service\":\"ec2.amazonaws.com\"}}]}",
            "override_json": null,
            "override_policy_documents": null,
            "policy_id": null,
            "source_json": null,
            "source_policy_documents": null,
            "statement": [
              {
                "actions": [
                  "sts:AssumeRole"
                ],
                "condition": [],
                "effect": "Allow",
                "not_actions": [],
                "not_principals": [],
                "not_resources": [],
                "principals": [
                  {
                    "identifiers": [
                      "ec2.amazonaws.com"
                    ],
                    "type": "Service"
                  }
                ],
                "resources": [],
                "sid": ""
              }
            ],
            "version": "2012-10-17"
          },
          "sensitive_attributes": [],
          "identity_schema_version": 0
        }
      ]
    },
    {
      "mode": "managed",
      "type": "aws_iam_instance_profile",
      "name": "ec2_profile",
      "provider": "provider[\"registry.terraform.io/hashicorp/aws\"]",
      "instances": [
        {
          "schema_version": 0,
          "attributes": {
            "arn": "arn:aws:iam::150361542164:instance-profile/myapp-instance-profile",
            "create_date": "2025-09-22T09:50:54Z",
            "id": "myapp-instance-profile",
            "name": "myapp-instance-profile",
            "name_prefix": "",
            "path": "/",
            "role": "myapp-ec2-role",
            "tags": null,
            "tags_all": {},
            "unique_id": "AIPASGAR7BYKHC6IVY2SE"
          },
          "sensitive_attributes": [],
          "identity_schema_version": 0,
          "private": "bnVsbA==",
          "dependencies": [
            "aws_iam_role.ec2_role",
            "data.aws_iam_policy_document.assume_role"
          ]
        }
      ]
    },
    {
      "mode": "managed",
      "type": "aws_iam_policy",
      "name": "s3_read_policy",
      "provider": "provider[\"registry.terraform.io/hashicorp/aws\"]",
      "instances": [
        {
          "schema_version": 0,
          "attributes": {
            "arn": "arn:aws:iam::150361542164:policy/myapp-s3-read",
            "attachment_count": 0,
            "description": "",
            "id": "arn:aws:iam::150361542164:policy/myapp-s3-read",
            "name": "myapp-s3-read",
            "name_prefix": "",
            "path": "/",
            "policy": "{\"Statement\":[{\"Action\":[\"s3:GetObject\",\"s3:ListBucket\",\"s3:CreateBucket\",\"s3:PutBucketAcl\",\"s3:PutBucketPolicy\",\"s3:GetBucketLocation\",\"s3:DeleteBucket\",\"s3:PutObject\",\"s3:DeleteObject\"],\"Effect\":\"Allow\",\"Resource\":[\"arn:aws:s3:::myapp-bucket-fc5c297c\",\"arn:aws:s3:::myapp-bucket-fc5c297c/*\"]}],\"Version\":\"2012-10-17\"}",
            "policy_id": "ANPASGAR7BYKLL7RDK3Z4",
            "tags": null,
            "tags_all": {}
          },
          "sensitive_attributes": [],
          "identity_schema_version": 0,
          "private": "bnVsbA==",
          "dependencies": [
            "aws_s3_bucket.app_bucket",
            "random_id.bucket_id"
          ]
        }
      ]
    },
    {
      "mode": "managed",
      "type": "aws_iam_role",
      "name": "ec2_role",
      "provider": "provider[\"registry.terraform.io/hashicorp/aws\"]",
      "instances": [
        {
          "schema_version": 0,
          "attributes": {
            "arn": "arn:aws:iam::150361542164:role/myapp-ec2-role",
            "assume_role_policy": "{\"Statement\":[{\"Action\":\"sts:AssumeRole\",\"Effect\":\"Allow\",\"Principal\":{\"Service\":\"ec2.amazonaws.com\"}}],\"Version\":\"2012-10-17\"}",
            "create_date": "2025-09-22T09:50:53Z",
            "description": "",
            "force_detach_policies": false,
            "id": "myapp-ec2-role",
            "inline_policy": [],
            "managed_policy_arns": [],
            "max_session_duration": 3600,
            "name": "myapp-ec2-role",
            "name_prefix": "",
            "path": "/",
            "permissions_boundary": "",
            "tags": null,
            "tags_all": {},
            "unique_id": "AROASGAR7BYKCXODCMWZG"
          },
          "sensitive_attributes": [],
          "identity_schema_version": 0,
          "private": "bnVsbA==",
          "dependencies": [
            "data.aws_iam_policy_document.assume_role"
          ]
        }
      ]
    },
    {
      "mode": "managed",
      "type": "aws_iam_role_policy_attachment",
      "name": "attach",
      "provider": "provider[\"registry.terraform.io/hashicorp/aws\"]",
      "instances": [
        {
          "schema_version": 0,
          "attributes": {
            "id": "myapp-ec2-role-20250922095056461600000002",
            "policy_arn": "arn:aws:iam::150361542164:policy/myapp-s3-read",
            "role": "myapp-ec2-role"
          },
          "sensitive_attributes": [],
          "identity_schema_version": 0,
          "private": "bnVsbA==",
          "dependencies": [
            "aws_iam_policy.s3_read_policy",
            "aws_iam_role.ec2_role",
            "aws_s3_bucket.app_bucket",
            "data.aws_iam_policy_document.assume_role",
            "random_id.bucket_id"
          ]
        }
      ]
    },
    {
      "mode": "managed",
      "type": "aws_instance",
      "name": "app_server",
      "provider": "provider[\"registry.terraform.io/hashicorp/aws\"]",
      "instances": [
        {
          "schema_version": 1,
          "attributes": {
            "ami": "ami-06cc5ebfb8571a147",
            "arn": "arn:aws:ec2:ap-south-1:150361542164:instance/i-0899006951054f8b4",
            "associate_public_ip_address": true,
            "availability_zone": "ap-south-1a",
            "capacity_reservation_specification": [
              {
                "capacity_reservation_preference": "open",
                "capacity_reservation_target": []
              }
            ],
            "cpu_core_count": 1,
            "cpu_options": [
              {
                "amd_sev_snp": "",
                "core_count": 1,
                "threads_per_core": 1
              }
            ],
            "cpu_threads_per_core": 1,
            "credit_specification": [
              {
                "cpu_credits": "standard"
              }
            ],
            "disable_api_stop": false,
            "disable_api_termination": false,
            "ebs_block_device": [],
            "ebs_optimized": false,
            "enable_primary_ipv6": null,
            "enclave_options": [
              {
                "enabled": false
              }
            ],
            "ephemeral_block_device": [],
            "get_password_data": false,
            "hibernation": false,
            "host_id": "",
            "host_resource_group_arn": null,
            "iam_instance_profile": "myapp-instance-profile",
            "id": "i-0899006951054f8b4",
            "instance_initiated_shutdown_behavior": "stop",
            "instance_lifecycle": "",
            "instance_market_options": [],
            "instance_state": "running",
            "instance_type": "t2.micro",
            "ipv6_address_count": 0,
            "ipv6_addresses": [],
            "key_name": "deploy_key",
            "launch_template": [],
            "maintenance_options": [
              {
                "auto_recovery": "default"
              }
            ],
            "metadata_options": [
              {
                "http_endpoint": "enabled",
                "http_protocol_ipv6": "disabled",
                "http_put_response_hop_limit": 1,
                "http_tokens": "optional",
                "instance_metadata_tags": "disabled"
              }
            ],
            "monitoring": false,
            "network_interface": [],
            "outpost_arn": "",
            "password_data": "",
            "placement_group": "",
            "placement_partition_number": 0,
            "primary_network_interface_id": "eni-0194a527c00c851ca",
            "private_dns": "ip-10-0-1-117.ap-south-1.compute.internal",
            "private_dns_name_options": [
              {
                "enable_resource_name_dns_a_record": false,
                "enable_resource_name_dns_aaaa_record": false,
                "hostname_type": "ip-name"
              }
            ],
            "private_ip": "10.0.1.117",
            "public_dns": "",
            "public_ip": "65.2.137.186",
            "root_block_device": [
              {
                "delete_on_termination": true,
                "device_name": "/dev/sda1",
                "encrypted": false,
                "iops": 100,
                "kms_key_id": "",
                "tags": {},
                "tags_all": {},
                "throughput": 0,
                "volume_id": "vol-016fa2c2721f82669",
                "volume_size": 8,
                "volume_type": "gp2"
              }
            ],
            "secondary_private_ips": [],
            "security_groups": [],
            "source_dest_check": true,
            "spot_instance_request_id": "",
            "subnet_id": "subnet-08f3ebd596d2f858e",
            "tags": {
              "Name": "myapp-instance"
            },
            "tags_all": {
              "Name": "myapp-instance"
            },
            "tenancy": "default",
            "timeouts": null,
            "user_data": "63d788dfaea3607b53f75d9085357f0e738a9112",
            "user_data_base64": null,
            "user_data_replace_on_change": false,
            "volume_tags": null,
            "vpc_security_group_ids": [
              "sg-0ba427b9df5617541"
            ]
          },
          "sensitive_attributes": [],
          "identity_schema_version": 0,
          "private": "eyJlMmJmYjczMC1lY2FhLTExZTYtOGY4OC0zNDM2M2JjN2M0YzAiOnsiY3JlYXRlIjo2MDAwMDAwMDAwMDAsImRlbGV0ZSI6MTIwMDAwMDAwMDAwMCwicmVhZCI6OTAwMDAwMDAwMDAwLCJ1cGRhdGUiOjYwMDAwMDAwMDAwMH0sInNjaGVtYV92ZXJzaW9uIjoiMSJ9",
          "dependencies": [
            "aws_iam_instance_profile.ec2_profile",
            "aws_iam_role.ec2_role",
            "aws_key_pair.deploy_key",
            "aws_s3_bucket.app_bucket",
            "aws_security_group.ssh_http",
            "aws_subnet.poc_subnet",
            "aws_vpc.poc_vpc",
            "data.aws_ami.ubuntu",
            "data.aws_availability_zones.available",
            "data.aws_iam_policy_document.assume_role",
            "random_id.bucket_id",
            "tls_private_key.ssh_key"
          ]
        }
      ]
    },
    {
      "mode": "managed",
      "type": "aws_internet_gateway",
      "name": "igw",
      "provider": "provider[\"registry.terraform.io/hashicorp/aws\"]",
      "instances": [
        {
          "schema_version": 0,
          "attributes": {
            "arn": "arn:aws:ec2:ap-south-1:150361542164:internet-gateway/igw-054c5a005f9bc7123",
            "id": "igw-054c5a005f9bc7123",
            "owner_id": "150361542164",
            "tags": {
              "Name": "poc-igw"
            },
            "tags_all": {
              "Name": "poc-igw"
            },
            "timeouts": null,
            "vpc_id": "vpc-0df9fd1663f3d5720"
          },
          "sensitive_attributes": [],
          "identity_schema_version": 0,
          "private": "eyJlMmJmYjczMC1lY2FhLTExZTYtOGY4OC0zNDM2M2JjN2M0YzAiOnsiY3JlYXRlIjoxMjAwMDAwMDAwMDAwLCJkZWxldGUiOjEyMDAwMDAwMDAwMDAsInVwZGF0ZSI6MTIwMDAwMDAwMDAwMH19",
          "dependencies": [
            "aws_vpc.poc_vpc"
          ]
        }
      ]
    },
    {
      "mode": "managed",
      "type": "aws_key_pair",
      "name": "deploy_key",
      "provider": "provider[\"registry.terraform.io/hashicorp/aws\"]",
      "instances": [
        {
          "schema_version": 1,
          "attributes": {
            "arn": "arn:aws:ec2:ap-south-1:150361542164:key-pair/deploy_key",
            "fingerprint": "aa:2a:e8:2c:b9:1d:77:5c:e4:e5:e6:c6:e1:5d:b9:28",
            "id": "deploy_key",
            "key_name": "deploy_key",
            "key_name_prefix": "",
            "key_pair_id": "key-0f700ab540fd8ee0e",
            "key_type": "rsa",
            "public_key": "ssh-rsa AAAAB3NzaC1yc2EAAAADAQABAAACAQC3p99Mj55OrQqkOsFVMlBWld7/wje3xVKB+cvJ72iP6ih/bH7oLm+oJkUHTbHQVA4Z78YC+zoGLT6CrbgJ9giQw8f9XTODcomGp6ugp++39AKZe/K6cRcdOpGaGR7r1cgKay+ZieepLJZnvVyn9AgK/RoRyrGxmmSRsndnqb3nPUa4V9lfy0g85KOhzO1cHIxw48vwQiGcMuW1aBKQeph1BEQEIs9OpjPf7ZCnrLoJlyB+L1HtbOJdTn4kdcBWGw9gU+uOm0qJaBWmo8zXR0ihE5FRL4eJXRrs8bXfO4nR34u2xGGZ71FgJ2vdPZhajWdM06JpCGJpgii9iqXVVqaZt7jr15tPZ4oyTGqGNi0nadJRbKFyGlizznjkpa8hSt99MF4FnKtcUazAjVrq6Sc4Y82E1eBvHFRT7zsTpePIOeW1CfCJrfgYfQn4dgIjlg8d45npBUOZ/jvNlQ5Q0VgqY6i8rAYC+v3Z4ChZrXoxkZ72TkNmCLGs/BNjYXxViddU3TYLdxHFoVWHfEiit44SnwATFza6QH5hxCpDT7xJT2oi/ifK9XFVvxuDnErsZJFrVAtT3qA2sXvzmw/OM1wIOLmuudEP4dzEgfsBLLwg+XdWHrKBIrkSmTVxlXt3UOdS1+DEJbPK1brZAdmDmNjnoyLtEqQwKc+qWruqECDniQ==",
            "tags": null,
            "tags_all": {}
          },
          "sensitive_attributes": [],
          "identity_schema_version": 0,
          "private": "eyJzY2hlbWFfdmVyc2lvbiI6IjEifQ==",
          "dependencies": [
            "tls_private_key.ssh_key"
          ]
        }
      ]
    },
    {
      "mode": "managed",
      "type": "aws_route_table",
      "name": "public",
      "provider": "provider[\"registry.terraform.io/hashicorp/aws\"]",
      "instances": [
        {
          "schema_version": 0,
          "attributes": {
            "arn": "arn:aws:ec2:ap-south-1:150361542164:route-table/rtb-03f6ec499a79e88fa",
            "id": "rtb-03f6ec499a79e88fa",
            "owner_id": "150361542164",
            "propagating_vgws": [],
            "route": [
              {
                "carrier_gateway_id": "",
                "cidr_block": "0.0.0.0/0",
                "core_network_arn": "",
                "destination_prefix_list_id": "",
                "egress_only_gateway_id": "",
                "gateway_id": "igw-054c5a005f9bc7123",
                "ipv6_cidr_block": "",
                "local_gateway_id": "",
                "nat_gateway_id": "",
                "network_interface_id": "",
                "transit_gateway_id": "",
                "vpc_endpoint_id": "",
                "vpc_peering_connection_id": ""
              }
            ],
            "tags": {
              "Name": "poc-public-rt"
            },
            "tags_all": {
              "Name": "poc-public-rt"
            },
            "timeouts": null,
            "vpc_id": "vpc-0df9fd1663f3d5720"
          },
          "sensitive_attributes": [],
          "identity_schema_version": 0,
          "private": "eyJlMmJmYjczMC1lY2FhLTExZTYtOGY4OC0zNDM2M2JjN2M0YzAiOnsiY3JlYXRlIjozMDAwMDAwMDAwMDAsImRlbGV0ZSI6MzAwMDAwMDAwMDAwLCJ1cGRhdGUiOjEyMDAwMDAwMDAwMH19",
          "dependencies": [
            "aws_internet_gateway.igw",
            "aws_vpc.poc_vpc"
          ]
        }
      ]
    },
    {
      "mode": "managed",
      "type": "aws_route_table_association",
      "name": "rta",
      "provider": "provider[\"registry.terraform.io/hashicorp/aws\"]",
      "instances": [
        {
          "schema_version": 0,
          "attributes": {
            "gateway_id": "",
            "id": "rtbassoc-0e1e4a4b14a20b950",
            "route_table_id": "rtb-03f6ec499a79e88fa",
            "subnet_id": "subnet-08f3ebd596d2f858e",
            "timeouts": null
          },
          "sensitive_attributes": [],
          "identity_schema_version": 0,
          "private": "eyJlMmJmYjczMC1lY2FhLTExZTYtOGY4OC0zNDM2M2JjN2M0YzAiOnsiY3JlYXRlIjozMDAwMDAwMDAwMDAsImRlbGV0ZSI6MzAwMDAwMDAwMDAwLCJ1cGRhdGUiOjEyMDAwMDAwMDAwMH19",
          "dependencies": [
            "aws_internet_gateway.igw",
            "aws_route_table.public",
            "aws_subnet.poc_subnet",
            "aws_vpc.poc_vpc",
            "data.aws_availability_zones.available"
          ]
        }
      ]
    },
    {
      "mode": "managed",
      "type": "aws_s3_bucket",
      "name": "app_bucket",
      "provider": "provider[\"registry.terraform.io/hashicorp/aws\"]",
      "instances": [
        {
          "schema_version": 0,
          "attributes": {
            "acceleration_status": "",
            "acl": null,
            "arn": "arn:aws:s3:::myapp-bucket-fc5c297c",
            "bucket": "myapp-bucket-fc5c297c",
            "bucket_domain_name": "myapp-bucket-fc5c297c.s3.amazonaws.com",
            "bucket_prefix": "",
            "bucket_regional_domain_name": "myapp-bucket-fc5c297c.s3.ap-south-1.amazonaws.com",
            "cors_rule": [],
            "force_destroy": true,
            "grant": [
              {
                "id": "536f423797a8c2060c63c249b088274b82eaa0e90b66c66469e3c6e09cee48ea",
                "permissions": [
                  "FULL_CONTROL"
                ],
                "type": "CanonicalUser",
                "uri": ""
              }
            ],
            "hosted_zone_id": "Z11RGJOFQNVJUP",
            "id": "myapp-bucket-fc5c297c",
            "lifecycle_rule": [],
            "logging": [],
            "object_lock_configuration": [],
            "object_lock_enabled": false,
            "policy": "",
            "region": "ap-south-1",
            "replication_configuration": [],
            "request_payer": "BucketOwner",
            "server_side_encryption_configuration": [
              {
                "rule": [
                  {
                    "apply_server_side_encryption_by_default": [
                      {
                        "kms_master_key_id": "",
                        "sse_algorithm": "AES256"
                      }
                    ],
                    "bucket_key_enabled": false
                  }
                ]
              }
            ],
            "tags": {
              "Name": "myapp-bucket"
            },
            "tags_all": {
              "Name": "myapp-bucket"
            },
            "timeouts": null,
            "versioning": [
              {
                "enabled": false,
                "mfa_delete": false
              }
            ],
            "website": [],
            "website_domain": null,
            "website_endpoint": null
          },
          "sensitive_attributes": [],
          "identity_schema_version": 0,
          "private": "eyJlMmJmYjczMC1lY2FhLTExZTYtOGY4OC0zNDM2M2JjN2M0YzAiOnsiY3JlYXRlIjoxMjAwMDAwMDAwMDAwLCJkZWxldGUiOjM2MDAwMDAwMDAwMDAsInJlYWQiOjEyMDAwMDAwMDAwMDAsInVwZGF0ZSI6MTIwMDAwMDAwMDAwMH19",
          "dependencies": [
            "random_id.bucket_id"
          ]
        }
      ]
    },
    {
      "mode": "managed",
      "type": "aws_s3_object",
      "name": "app_zip",
      "provider": "provider[\"registry.terraform.io/hashicorp/aws\"]",
      "instances": [
        {
          "schema_version": 0,
          "attributes": {
            "acl": null,
            "arn": "arn:aws:s3:::myapp-bucket-fc5c297c/app.zip",
            "bucket": "myapp-bucket-fc5c297c",
            "bucket_key_enabled": false,
            "cache_control": "",
            "checksum_algorithm": null,
            "checksum_crc32": "",
            "checksum_crc32c": "",
            "checksum_crc64nvme": "",
            "checksum_sha1": "",
            "checksum_sha256": "",
            "content": null,
            "content_base64": null,
            "content_disposition": "",
            "content_encoding": "",
            "content_language": "",
            "content_type": "application/octet-stream",
            "etag": "057c2bc862de31774f90501ff73dc68d",
            "force_destroy": false,
            "id": "app.zip",
            "key": "app.zip",
            "kms_key_id": null,
            "metadata": null,
            "object_lock_legal_hold_status": "",
            "object_lock_mode": "",
            "object_lock_retain_until_date": "",
            "override_provider": [],
            "server_side_encryption": "AES256",
            "source": "./files/app.zip",
            "source_hash": null,
            "storage_class": "STANDARD",
            "tags": null,
            "tags_all": {},
            "version_id": "",
            "website_redirect": ""
          },
          "sensitive_attributes": [],
          "identity_schema_version": 0,
          "private": "bnVsbA==",
          "dependencies": [
            "aws_s3_bucket.app_bucket",
            "random_id.bucket_id"
          ]
        }
      ]
    },
    {
      "mode": "managed",
      "type": "aws_security_group",
      "name": "ssh_http",
      "provider": "provider[\"registry.terraform.io/hashicorp/aws\"]",
      "instances": [
        {
          "schema_version": 1,
          "attributes": {
            "arn": "arn:aws:ec2:ap-south-1:150361542164:security-group/sg-0ba427b9df5617541",
            "description": "Allow SSH and HTTP",
            "egress": [
              {
                "cidr_blocks": [
                  "0.0.0.0/0"
                ],
                "description": "",
                "from_port": 0,
                "ipv6_cidr_blocks": [],
                "prefix_list_ids": [],
                "protocol": "-1",
                "security_groups": [],
                "self": false,
                "to_port": 0
              }
            ],
            "id": "sg-0ba427b9df5617541",
            "ingress": [
              {
                "cidr_blocks": [
                  "0.0.0.0/0"
                ],
                "description": "",
                "from_port": 22,
                "ipv6_cidr_blocks": [],
                "prefix_list_ids": [],
                "protocol": "tcp",
                "security_groups": [],
                "self": false,
                "to_port": 22
              },
              {
                "cidr_blocks": [
                  "0.0.0.0/0"
                ],
                "description": "",
                "from_port": 3001,
                "ipv6_cidr_blocks": [],
                "prefix_list_ids": [],
                "protocol": "tcp",
                "security_groups": [],
                "self": false,
                "to_port": 3001
              },
              {
                "cidr_blocks": [
                  "0.0.0.0/0"
                ],
                "description": "",
                "from_port": 8080,
                "ipv6_cidr_blocks": [],
                "prefix_list_ids": [],
                "protocol": "tcp",
                "security_groups": [],
                "self": false,
                "to_port": 8080
              }
            ],
            "name": "poc-sg",
            "name_prefix": "",
            "owner_id": "150361542164",
            "revoke_rules_on_delete": false,
            "tags": {
              "Name": "poc-sg"
            },
            "tags_all": {
              "Name": "poc-sg"
            },
            "timeouts": null,
            "vpc_id": "vpc-0df9fd1663f3d5720"
          },
          "sensitive_attributes": [],
          "identity_schema_version": 0,
          "private": "eyJlMmJmYjczMC1lY2FhLTExZTYtOGY4OC0zNDM2M2JjN2M0YzAiOnsiY3JlYXRlIjo2MDAwMDAwMDAwMDAsImRlbGV0ZSI6OTAwMDAwMDAwMDAwfSwic2NoZW1hX3ZlcnNpb24iOiIxIn0=",
          "dependencies": [
            "aws_vpc.poc_vpc"
          ]
        }
      ]
    },
    {
      "mode": "managed",
      "type": "aws_subnet",
      "name": "poc_subnet",
      "provider": "provider[\"registry.terraform.io/hashicorp/aws\"]",
      "instances": [
        {
          "schema_version": 1,
          "attributes": {
            "arn": "arn:aws:ec2:ap-south-1:150361542164:subnet/subnet-08f3ebd596d2f858e",
            "assign_ipv6_address_on_creation": false,
            "availability_zone": "ap-south-1a",
            "availability_zone_id": "aps1-az1",
            "cidr_block": "10.0.1.0/24",
            "customer_owned_ipv4_pool": "",
            "enable_dns64": false,
            "enable_lni_at_device_index": 0,
            "enable_resource_name_dns_a_record_on_launch": false,
            "enable_resource_name_dns_aaaa_record_on_launch": false,
            "id": "subnet-08f3ebd596d2f858e",
            "ipv6_cidr_block": "",
            "ipv6_cidr_block_association_id": "",
            "ipv6_native": false,
            "map_customer_owned_ip_on_launch": false,
            "map_public_ip_on_launch": false,
            "outpost_arn": "",
            "owner_id": "150361542164",
            "private_dns_hostname_type_on_launch": "ip-name",
            "tags": {
              "Name": "poc-subnet"
            },
            "tags_all": {
              "Name": "poc-subnet"
            },
            "timeouts": null,
            "vpc_id": "vpc-0df9fd1663f3d5720"
          },
          "sensitive_attributes": [],
          "identity_schema_version": 0,
          "private": "eyJlMmJmYjczMC1lY2FhLTExZTYtOGY4OC0zNDM2M2JjN2M0YzAiOnsiY3JlYXRlIjo2MDAwMDAwMDAwMDAsImRlbGV0ZSI6MTIwMDAwMDAwMDAwMH0sInNjaGVtYV92ZXJzaW9uIjoiMSJ9",
          "dependencies": [
            "aws_vpc.poc_vpc",
            "data.aws_availability_zones.available"
          ]
        }
      ]
    },
    {
      "mode": "managed",
      "type": "aws_vpc",
      "name": "poc_vpc",
      "provider": "provider[\"registry.terraform.io/hashicorp/aws\"]",
      "instances": [
        {
          "schema_version": 1,
          "attributes": {
            "arn": "arn:aws:ec2:ap-south-1:150361542164:vpc/vpc-0df9fd1663f3d5720",
            "assign_generated_ipv6_cidr_block": false,
            "cidr_block": "10.0.0.0/16",
            "default_network_acl_id": "acl-0908013d7bf5fcc97",
            "default_route_table_id": "rtb-052bedd68cf79214d",
            "default_security_group_id": "sg-0701dc92299118f94",
            "dhcp_options_id": "dopt-0000557816a76a411",
            "enable_dns_hostnames": false,
            "enable_dns_support": true,
            "enable_network_address_usage_metrics": false,
            "id": "vpc-0df9fd1663f3d5720",
            "instance_tenancy": "default",
            "ipv4_ipam_pool_id": null,
            "ipv4_netmask_length": null,
            "ipv6_association_id": "",
            "ipv6_cidr_block": "",
            "ipv6_cidr_block_network_border_group": "",
            "ipv6_ipam_pool_id": "",
            "ipv6_netmask_length": 0,
            "main_route_table_id": "rtb-052bedd68cf79214d",
            "owner_id": "150361542164",
            "tags": {
              "Name": "poc-vpc"
            },
            "tags_all": {
              "Name": "poc-vpc"
            }
          },
          "sensitive_attributes": [],
          "identity_schema_version": 0,
          "private": "eyJzY2hlbWFfdmVyc2lvbiI6IjEifQ=="
        }
      ]
    },
    {
      "mode": "managed",
      "type": "random_id",
      "name": "bucket_id",
      "provider": "provider[\"registry.terraform.io/hashicorp/random\"]",
      "instances": [
        {
          "schema_version": 0,
          "attributes": {
            "b64_std": "/FwpfA==",
            "b64_url": "_FwpfA",
            "byte_length": 4,
            "dec": "4233898364",
            "hex": "fc5c297c",
            "id": "_FwpfA",
            "keepers": null,
            "prefix": null
          },
          "sensitive_attributes": [],
          "identity_schema_version": 0
        }
      ]
    },
    {
      "mode": "managed",
      "type": "tls_private_key",
      "name": "ssh_key",
      "provider": "provider[\"registry.terraform.io/hashicorp/tls\"]",
      "instances": [
        {
          "schema_version": 1,
          "attributes": {
            "algorithm": "RSA",
            "ecdsa_curve": "P224",
            "id": "d329dcd250f39ef8a984ecde58c9d90b5470cea2",
            "private_key_openssh": "-----BEGIN OPENSSH PRIVATE KEY-----\nb3BlbnNzaC1rZXktdjEAAAAABG5vbmUAAAAEbm9uZQAAAAAAAAABAAACFwAAAAdz\nc2gtcnNhAAAAAwEAAQAAAgEAt6ffTI+eTq0KpDrBVTJQVpXe/8I3t8VSgfnLye9o\nj+oof2x+6C5vqCZFB02x0FQOGe/GAvs6Bi0+gq24CfYIkMPH/V0zg3KJhqeroKfv\nt/QCmXvyunEXHTqRmhke69XICmsvmYnnqSyWZ71cp/QICv0aEcqxsZpkkbJ3Z6m9\n5z1GuFfZX8tIPOSjocztXByMcOPL8EIhnDLltWgSkHqYdQREBCLPTqYz3+2Qp6y6\nCZcgfi9R7WziXU5+JHXAVhsPYFPrjptKiWgVpqPM10dIoRORUS+HiV0a7PG13zuJ\n0d+LtsRhme9RYCdr3T2YWo1nTNOiaQhiaYIovYql1Vammbe469ebT2eKMkxqhjYt\nJ2nSUWyhchpYs8545KWvIUrffTBeBZyrXFGswI1a6uknOGPNhNXgbxxUU+87E6Xj\nyDnltQnwia34GH0J+HYCI5YPHeOZ6QVDmf47zZUOUNFYKmOovKwGAvr92eAoWa16\nMZGe9k5DZgixrPwTY2F8VYnXVN02C3cRxaFVh3xIoreOEp8AExc2ukB+YcQqQ0+8\nSU9qIv4nyvVxVb8bg5xK7GSRa1QLU96gNrF785sPzjNcCDi5rrnRD+HcxIH7ASy8\nIPl3Vh6ygSK5Epk1cZV7d1DnUtfgxCWzytW62QHZg5jY56Mi7RKkMCnPqlq7qhAg\n54kAAAc4RLulQUS7pUEAAAAHc3NoLXJzYQAAAgEAt6ffTI+eTq0KpDrBVTJQVpXe\n/8I3t8VSgfnLye9oj+oof2x+6C5vqCZFB02x0FQOGe/GAvs6Bi0+gq24CfYIkMPH\n/V0zg3KJhqeroKfvt/QCmXvyunEXHTqRmhke69XICmsvmYnnqSyWZ71cp/QICv0a\nEcqxsZpkkbJ3Z6m95z1GuFfZX8tIPOSjocztXByMcOPL8EIhnDLltWgSkHqYdQRE\nBCLPTqYz3+2Qp6y6CZcgfi9R7WziXU5+JHXAVhsPYFPrjptKiWgVpqPM10dIoROR\nUS+HiV0a7PG13zuJ0d+LtsRhme9RYCdr3T2YWo1nTNOiaQhiaYIovYql1Vammbe4\n69ebT2eKMkxqhjYtJ2nSUWyhchpYs8545KWvIUrffTBeBZyrXFGswI1a6uknOGPN\nhNXgbxxUU+87E6XjyDnltQnwia34GH0J+HYCI5YPHeOZ6QVDmf47zZUOUNFYKmOo\nvKwGAvr92eAoWa16MZGe9k5DZgixrPwTY2F8VYnXVN02C3cRxaFVh3xIoreOEp8A\nExc2ukB+YcQqQ0+8SU9qIv4nyvVxVb8bg5xK7GSRa1QLU96gNrF785sPzjNcCDi5\nrrnRD+HcxIH7ASy8IPl3Vh6ygSK5Epk1cZV7d1DnUtfgxCWzytW62QHZg5jY56Mi\n7RKkMCnPqlq7qhAg54kAAAADAQABAAACAE8St0DmgRmMxY0qQv1kmVR+WLIzs/uq\nuLh/ja+XJaT5A5DBbO6Yt7hlKclYOVviJOQj6VR1SGlKZ6SqGRgo101FDkFXNIu+\n79mLLYkRZVQFem0NAdgmQvZxtijr8fVGaUebGLZ5usWLDgMCc/dYSXI5wVSxucon\nGG/msCRw3/PE3UMXh98HzkVxh8ZtTjEflZQxcCg0wPXYsDBn675LGoMfYA2L00gg\npSsfxO18n+jrKbFKvHKGM/xKhGM8U6B/LCKkX0JaOEBrEQ9bbSGvbmTz4Nhcp3WM\nIcCs3UqM/uze2+/II+G8OYQ11Oo/z+4E/doFMOMaGg0lXlclb/snwLiooGDD4GPg\nMMLR1tEdR81/jyRVcR/pw+Fo6GpPm1KmtLU1Stiw3ET5gbHrPKSLcnsOw2BelvIB\nfdfbwfSX2Gqlh6/2nhhvXEckb/ucPpjDiO1/eYyo5/R0pw3Mt6DEBjrqva72nT2m\nDQ8Q67WPgwumH9QWgFUb33vWb8QUw3ZbGQjQPNLEIgZI1T9yr8mo51tjfaiOwd3C\n4a5bkh++YFCotRoXMRcMPqMG+bpxk3kyFo0a9XWwYoH3mOXAXPcZCrnCtEMrH57m\nK4pCwMqzMoVn5NQKj91JYlsrIcUXedxQpvf/bVa40P7kwYjyE05tiBTgROG/NWd3\nQVdxg34uCKx1AAABAQCVikf85S64RpUu+r3Jq68cUbS0njdsz7gfl3de93GvffET\nwDL4dm37zrrrmjrHIJZtn5jW9CWlDtZAEGoCU8wUif0hTeffZTMUEF3v4QBtKcQk\nkRJNJFZ3Cs8WZdGlk4skTEoUToKy6XQFKAXY+flX9Q6bQqwlmylKC+3M6ytonzdC\npCE1vmQZHBZvO8PfUOC2ExtVFYtiVGayR+3ItULJ0t0Pvj6ora+sG7LZj+iAfmlG\najuG1h8kabrzd1+BZFD5c/1is58vzJt0OM9iyR15T28ujYYgO/fGBm+pgSleicQR\nsYm/WJqvY8urx9ShRD4123TKffpNVlHuERNzuv2+AAABAQDxvQDXPhwnw7fl5XUw\nvGe4io07WHrWEWPtz7TC0t3/hwfvqi9OedxhQ1rzL2lYUV7kV1tqwaiov5/I3m6Y\nKbf2KnzPQd2ibUcIO3L1NRNBm8SX1NU+8E+N3Kx87KXNaUpL85lhbHSp84cZj0uf\nyElI12Vo3n2e0lJOgym56nQySnF3PziMnVC1FpoQW7vPR+wiN34370vHZT2FD90o\nAsCSX5Iyj+4j0wiiJ53JE3eBbtD3vUcDEM8nqvsFuvKKvh4OuxvGvRLjVBF9Xzje\nSRqBwHL9FWI0Y1lhDFyO7IWj2L3bTzKjt/e5HllChTn/b/hFr7p9HzvHC0XRkYc6\nzS3XAAABAQDCfaSKrsO+Bed5Zy6UJv2zN09L6viZ89V9qbFxIVtmWeti584IsF8p\neyOQVIi9x89OpbgHs041hqpRnxkTO9eB2RdPr0nbnVb6wK0l6Q/EJT4zou1NkG+7\nDVq0/e+bYZIth9mzh/GYQzBhxtb0NGV053HrXoGVXrVJRR40j7Olx4QPwEVI5Jbv\n5a/0p9Rdp4qdCTbCR4Ir/JQ8VzfxtM6YyiAJ/hb/ffSDnq9CkJG29pcd9llgfUPm\ngv+YEu7IlL6AyD1dXWcwuCUQ+VNJ8oQp+o0FLmaet6pq6bCy/dlGeJtevVU/GnvB\nJakTjCIuNpHS7GpsvKUV9fMfCNe1NimfAAAAAAEC\n-----END OPENSSH PRIVATE KEY-----\n",
            "private_key_pem": "-----BEGIN RSA PRIVATE KEY-----\nMIIJKQIBAAKCAgEAt6ffTI+eTq0KpDrBVTJQVpXe/8I3t8VSgfnLye9oj+oof2x+\n6C5vqCZFB02x0FQOGe/GAvs6Bi0+gq24CfYIkMPH/V0zg3KJhqeroKfvt/QCmXvy\nunEXHTqRmhke69XICmsvmYnnqSyWZ71cp/QICv0aEcqxsZpkkbJ3Z6m95z1GuFfZ\nX8tIPOSjocztXByMcOPL8EIhnDLltWgSkHqYdQREBCLPTqYz3+2Qp6y6CZcgfi9R\n7WziXU5+JHXAVhsPYFPrjptKiWgVpqPM10dIoRORUS+HiV0a7PG13zuJ0d+LtsRh\nme9RYCdr3T2YWo1nTNOiaQhiaYIovYql1Vammbe469ebT2eKMkxqhjYtJ2nSUWyh\nchpYs8545KWvIUrffTBeBZyrXFGswI1a6uknOGPNhNXgbxxUU+87E6XjyDnltQnw\nia34GH0J+HYCI5YPHeOZ6QVDmf47zZUOUNFYKmOovKwGAvr92eAoWa16MZGe9k5D\nZgixrPwTY2F8VYnXVN02C3cRxaFVh3xIoreOEp8AExc2ukB+YcQqQ0+8SU9qIv4n\nyvVxVb8bg5xK7GSRa1QLU96gNrF785sPzjNcCDi5rrnRD+HcxIH7ASy8IPl3Vh6y\ngSK5Epk1cZV7d1DnUtfgxCWzytW62QHZg5jY56Mi7RKkMCnPqlq7qhAg54kCAwEA\nAQKCAgBPErdA5oEZjMWNKkL9ZJlUfliyM7P7qri4f42vlyWk+QOQwWzumLe4ZSnJ\nWDlb4iTkI+lUdUhpSmekqhkYKNdNRQ5BVzSLvu/Ziy2JEWVUBXptDQHYJkL2cbYo\n6/H1RmlHmxi2ebrFiw4DAnP3WElyOcFUsbnKJxhv5rAkcN/zxN1DF4ffB85FcYfG\nbU4xH5WUMXAoNMD12LAwZ+u+SxqDH2ANi9NIIKUrH8TtfJ/o6ymxSrxyhjP8SoRj\nPFOgfywipF9CWjhAaxEPW20hr25k8+DYXKd1jCHArN1KjP7s3tvvyCPhvDmENdTq\nP8/uBP3aBTDjGhoNJV5XJW/7J8C4qKBgw+Bj4DDC0dbRHUfNf48kVXEf6cPhaOhq\nT5tSprS1NUrYsNxE+YGx6zyki3J7DsNgXpbyAX3X28H0l9hqpYev9p4Yb1xHJG/7\nnD6Yw4jtf3mMqOf0dKcNzLegxAY66r2u9p09pg0PEOu1j4MLph/UFoBVG9971m/E\nFMN2WxkI0DzSxCIGSNU/cq/JqOdbY32ojsHdwuGuW5IfvmBQqLUaFzEXDD6jBvm6\ncZN5MhaNGvV1sGKB95jlwFz3GQq5wrRDKx+e5iuKQsDKszKFZ+TUCo/dSWJbKyHF\nF3ncUKb3/21WuND+5MGI8hNObYgU4EThvzVnd0FXcYN+LgisdQKCAQEA8b0A1z4c\nJ8O35eV1MLxnuIqNO1h61hFj7c+0wtLd/4cH76ovTnncYUNa8y9pWFFe5FdbasGo\nqL+fyN5umCm39ip8z0Hdom1HCDty9TUTQZvEl9TVPvBPjdysfOylzWlKS/OZYWx0\nqfOHGY9Ln8hJSNdlaN59ntJSToMpuep0Mkpxdz84jJ1QtRaaEFu7z0fsIjd+N+9L\nx2U9hQ/dKALAkl+SMo/uI9MIoiedyRN3gW7Q971HAxDPJ6r7Bbryir4eDrsbxr0S\n41QRfV843kkagcBy/RViNGNZYQxcjuyFo9i9208yo7f3uR5ZQoU5/2/4Ra+6fR87\nxwtF0ZGHOs0t1wKCAQEAwn2kiq7DvgXneWculCb9szdPS+r4mfPVfamxcSFbZlnr\nYufOCLBfKXsjkFSIvcfPTqW4B7NONYaqUZ8ZEzvXgdkXT69J251W+sCtJekPxCU+\nM6LtTZBvuw1atP3vm2GSLYfZs4fxmEMwYcbW9DRldOdx616BlV61SUUeNI+zpceE\nD8BFSOSW7+Wv9KfUXaeKnQk2wkeCK/yUPFc38bTOmMogCf4W/330g56vQpCRtvaX\nHfZZYH1D5oL/mBLuyJS+gMg9XV1nMLglEPlTSfKEKfqNBS5mnreqaumwsv3ZRnib\nXr1VPxp7wSWpE4wiLjaR0uxqbLylFfXzHwjXtTYpnwKCAQB29OUHBn9gagWC0gl7\nNBtuSm/5di7sTJ56Fi4DeTTZW59iJsMkwP7btgN5jCkw1sn1X6+Stz3B3JpKhHqz\n0kO+lWXZr7XbCh9cQ7TsSXPyYy648HkHgcYEL0WKLAHjNR7khTlDIdW/FCG1SDiU\npkC54ZT7qBD1KNZr4EuWO3N2k/+GCMxRFdDza+3gguPGusPOirRH3i/SLVW6tvXD\njKcq4HDXBNDRPDYRZaFVo4i5XsjiQHhDX/AwuwjP5xEXiTrNUPH4OG6lA2ef5E3d\nxOeQVh2/wNgUo5cGFMkvY+DXof67fxuSSSNUK0UNYPYLZxQrZrBEhiwqZLe0ywJa\nw0D9AoIBAQCptTy4jpra2wgKVVC9kfBaS270Dcpze+LUThg5YSQCAYB1w1NzHYNM\nDNkRfdH717g7JjuY7IrYBfPkWPFmaRc5hJbkv02xRm+5ShtMMzvAqcbHA+oRfnEg\nRRzbRaGocdE9zYbXM05K0IYNK5YxbO8CvVoYSVTFY+jIUHl039egVqITpHBQlLZo\nCoIo97FFL4ayVHHlwMQDYdhvdqOoU17az7R5Q7AJrHyJxROk/8VGY5GlYWrH2UZA\nhBpHNm4JtFEuyotRRsleJ7CgSQ62Pdm5T5lx5fVBlX4s4FGBPiQza9YXKxqRf6hw\n9027ctH4hUFlTUnoLAvZR82nTO38f5B9AoIBAQCVikf85S64RpUu+r3Jq68cUbS0\nnjdsz7gfl3de93GvffETwDL4dm37zrrrmjrHIJZtn5jW9CWlDtZAEGoCU8wUif0h\nTeffZTMUEF3v4QBtKcQkkRJNJFZ3Cs8WZdGlk4skTEoUToKy6XQFKAXY+flX9Q6b\nQqwlmylKC+3M6ytonzdCpCE1vmQZHBZvO8PfUOC2ExtVFYtiVGayR+3ItULJ0t0P\nvj6ora+sG7LZj+iAfmlGajuG1h8kabrzd1+BZFD5c/1is58vzJt0OM9iyR15T28u\njYYgO/fGBm+pgSleicQRsYm/WJqvY8urx9ShRD4123TKffpNVlHuERNzuv2+\n-----END RSA PRIVATE KEY-----\n",
            "private_key_pem_pkcs8": "-----BEGIN PRIVATE KEY-----\nMIIJQwIBADANBgkqhkiG9w0BAQEFAASCCS0wggkpAgEAAoICAQC3p99Mj55OrQqk\nOsFVMlBWld7/wje3xVKB+cvJ72iP6ih/bH7oLm+oJkUHTbHQVA4Z78YC+zoGLT6C\nrbgJ9giQw8f9XTODcomGp6ugp++39AKZe/K6cRcdOpGaGR7r1cgKay+ZieepLJZn\nvVyn9AgK/RoRyrGxmmSRsndnqb3nPUa4V9lfy0g85KOhzO1cHIxw48vwQiGcMuW1\naBKQeph1BEQEIs9OpjPf7ZCnrLoJlyB+L1HtbOJdTn4kdcBWGw9gU+uOm0qJaBWm\no8zXR0ihE5FRL4eJXRrs8bXfO4nR34u2xGGZ71FgJ2vdPZhajWdM06JpCGJpgii9\niqXVVqaZt7jr15tPZ4oyTGqGNi0nadJRbKFyGlizznjkpa8hSt99MF4FnKtcUazA\njVrq6Sc4Y82E1eBvHFRT7zsTpePIOeW1CfCJrfgYfQn4dgIjlg8d45npBUOZ/jvN\nlQ5Q0VgqY6i8rAYC+v3Z4ChZrXoxkZ72TkNmCLGs/BNjYXxViddU3TYLdxHFoVWH\nfEiit44SnwATFza6QH5hxCpDT7xJT2oi/ifK9XFVvxuDnErsZJFrVAtT3qA2sXvz\nmw/OM1wIOLmuudEP4dzEgfsBLLwg+XdWHrKBIrkSmTVxlXt3UOdS1+DEJbPK1brZ\nAdmDmNjnoyLtEqQwKc+qWruqECDniQIDAQABAoICAE8St0DmgRmMxY0qQv1kmVR+\nWLIzs/uquLh/ja+XJaT5A5DBbO6Yt7hlKclYOVviJOQj6VR1SGlKZ6SqGRgo101F\nDkFXNIu+79mLLYkRZVQFem0NAdgmQvZxtijr8fVGaUebGLZ5usWLDgMCc/dYSXI5\nwVSxuconGG/msCRw3/PE3UMXh98HzkVxh8ZtTjEflZQxcCg0wPXYsDBn675LGoMf\nYA2L00ggpSsfxO18n+jrKbFKvHKGM/xKhGM8U6B/LCKkX0JaOEBrEQ9bbSGvbmTz\n4Nhcp3WMIcCs3UqM/uze2+/II+G8OYQ11Oo/z+4E/doFMOMaGg0lXlclb/snwLio\noGDD4GPgMMLR1tEdR81/jyRVcR/pw+Fo6GpPm1KmtLU1Stiw3ET5gbHrPKSLcnsO\nw2BelvIBfdfbwfSX2Gqlh6/2nhhvXEckb/ucPpjDiO1/eYyo5/R0pw3Mt6DEBjrq\nva72nT2mDQ8Q67WPgwumH9QWgFUb33vWb8QUw3ZbGQjQPNLEIgZI1T9yr8mo51tj\nfaiOwd3C4a5bkh++YFCotRoXMRcMPqMG+bpxk3kyFo0a9XWwYoH3mOXAXPcZCrnC\ntEMrH57mK4pCwMqzMoVn5NQKj91JYlsrIcUXedxQpvf/bVa40P7kwYjyE05tiBTg\nROG/NWd3QVdxg34uCKx1AoIBAQDxvQDXPhwnw7fl5XUwvGe4io07WHrWEWPtz7TC\n0t3/hwfvqi9OedxhQ1rzL2lYUV7kV1tqwaiov5/I3m6YKbf2KnzPQd2ibUcIO3L1\nNRNBm8SX1NU+8E+N3Kx87KXNaUpL85lhbHSp84cZj0ufyElI12Vo3n2e0lJOgym5\n6nQySnF3PziMnVC1FpoQW7vPR+wiN34370vHZT2FD90oAsCSX5Iyj+4j0wiiJ53J\nE3eBbtD3vUcDEM8nqvsFuvKKvh4OuxvGvRLjVBF9XzjeSRqBwHL9FWI0Y1lhDFyO\n7IWj2L3bTzKjt/e5HllChTn/b/hFr7p9HzvHC0XRkYc6zS3XAoIBAQDCfaSKrsO+\nBed5Zy6UJv2zN09L6viZ89V9qbFxIVtmWeti584IsF8peyOQVIi9x89OpbgHs041\nhqpRnxkTO9eB2RdPr0nbnVb6wK0l6Q/EJT4zou1NkG+7DVq0/e+bYZIth9mzh/GY\nQzBhxtb0NGV053HrXoGVXrVJRR40j7Olx4QPwEVI5Jbv5a/0p9Rdp4qdCTbCR4Ir\n/JQ8VzfxtM6YyiAJ/hb/ffSDnq9CkJG29pcd9llgfUPmgv+YEu7IlL6AyD1dXWcw\nuCUQ+VNJ8oQp+o0FLmaet6pq6bCy/dlGeJtevVU/GnvBJakTjCIuNpHS7GpsvKUV\n9fMfCNe1NimfAoIBAHb05QcGf2BqBYLSCXs0G25Kb/l2LuxMnnoWLgN5NNlbn2Im\nwyTA/tu2A3mMKTDWyfVfr5K3PcHcmkqEerPSQ76VZdmvtdsKH1xDtOxJc/JjLrjw\neQeBxgQvRYosAeM1HuSFOUMh1b8UIbVIOJSmQLnhlPuoEPUo1mvgS5Y7c3aT/4YI\nzFEV0PNr7eCC48a6w86KtEfeL9ItVbq29cOMpyrgcNcE0NE8NhFloVWjiLleyOJA\neENf8DC7CM/nEReJOs1Q8fg4bqUDZ5/kTd3E55BWHb/A2BSjlwYUyS9j4Neh/rt/\nG5JJI1QrRQ1g9gtnFCtmsESGLCpkt7TLAlrDQP0CggEBAKm1PLiOmtrbCApVUL2R\n8FpLbvQNynN74tROGDlhJAIBgHXDU3Mdg0wM2RF90fvXuDsmO5jsitgF8+RY8WZp\nFzmEluS/TbFGb7lKG0wzO8CpxscD6hF+cSBFHNtFoahx0T3NhtczTkrQhg0rljFs\n7wK9WhhJVMVj6MhQeXTf16BWohOkcFCUtmgKgij3sUUvhrJUceXAxANh2G92o6hT\nXtrPtHlDsAmsfInFE6T/xUZjkaVhasfZRkCEGkc2bgm0US7Ki1FGyV4nsKBJDrY9\n2blPmXHl9UGVfizgUYE+JDNr1hcrGpF/qHD3Tbty0fiFQWVNSegsC9lHzadM7fx/\nkH0CggEBAJWKR/zlLrhGlS76vcmrrxxRtLSeN2zPuB+Xd173ca998RPAMvh2bfvO\nuuuaOscglm2fmNb0JaUO1kAQagJTzBSJ/SFN599lMxQQXe/hAG0pxCSREk0kVncK\nzxZl0aWTiyRMShROgrLpdAUoBdj5+Vf1DptCrCWbKUoL7czrK2ifN0KkITW+ZBkc\nFm87w99Q4LYTG1UVi2JUZrJH7ci1QsnS3Q++Pqitr6wbstmP6IB+aUZqO4bWHyRp\nuvN3X4FkUPlz/WKzny/Mm3Q4z2LJHXlPby6NhiA798YGb6mBKV6JxBGxib9Ymq9j\ny6vH1KFEPjXbdMp9+k1WUe4RE3O6/b4=\n-----END PRIVATE KEY-----\n",
            "public_key_fingerprint_md5": "12:04:21:3f:ba:87:25:4d:84:6e:7f:b4:70:a5:2a:2b",
            "public_key_fingerprint_sha256": "SHA256:zrmO/wHZ7nzzt1vyx37wKHsfQvxB2cUQMpJzJP72a/0",
            "public_key_openssh": "ssh-rsa AAAAB3NzaC1yc2EAAAADAQABAAACAQC3p99Mj55OrQqkOsFVMlBWld7/wje3xVKB+cvJ72iP6ih/bH7oLm+oJkUHTbHQVA4Z78YC+zoGLT6CrbgJ9giQw8f9XTODcomGp6ugp++39AKZe/K6cRcdOpGaGR7r1cgKay+ZieepLJZnvVyn9AgK/RoRyrGxmmSRsndnqb3nPUa4V9lfy0g85KOhzO1cHIxw48vwQiGcMuW1aBKQeph1BEQEIs9OpjPf7ZCnrLoJlyB+L1HtbOJdTn4kdcBWGw9gU+uOm0qJaBWmo8zXR0ihE5FRL4eJXRrs8bXfO4nR34u2xGGZ71FgJ2vdPZhajWdM06JpCGJpgii9iqXVVqaZt7jr15tPZ4oyTGqGNi0nadJRbKFyGlizznjkpa8hSt99MF4FnKtcUazAjVrq6Sc4Y82E1eBvHFRT7zsTpePIOeW1CfCJrfgYfQn4dgIjlg8d45npBUOZ/jvNlQ5Q0VgqY6i8rAYC+v3Z4ChZrXoxkZ72TkNmCLGs/BNjYXxViddU3TYLdxHFoVWHfEiit44SnwATFza6QH5hxCpDT7xJT2oi/ifK9XFVvxuDnErsZJFrVAtT3qA2sXvzmw/OM1wIOLmuudEP4dzEgfsBLLwg+XdWHrKBIrkSmTVxlXt3UOdS1+DEJbPK1brZAdmDmNjnoyLtEqQwKc+qWruqECDniQ==\n",
            "public_key_pem": "-----BEGIN PUBLIC KEY-----\nMIICIjANBgkqhkiG9w0BAQEFAAOCAg8AMIICCgKCAgEAt6ffTI+eTq0KpDrBVTJQ\nVpXe/8I3t8VSgfnLye9oj+oof2x+6C5vqCZFB02x0FQOGe/GAvs6Bi0+gq24CfYI\nkMPH/V0zg3KJhqeroKfvt/QCmXvyunEXHTqRmhke69XICmsvmYnnqSyWZ71cp/QI\nCv0aEcqxsZpkkbJ3Z6m95z1GuFfZX8tIPOSjocztXByMcOPL8EIhnDLltWgSkHqY\ndQREBCLPTqYz3+2Qp6y6CZcgfi9R7WziXU5+JHXAVhsPYFPrjptKiWgVpqPM10dI\noRORUS+HiV0a7PG13zuJ0d+LtsRhme9RYCdr3T2YWo1nTNOiaQhiaYIovYql1Vam\nmbe469ebT2eKMkxqhjYtJ2nSUWyhchpYs8545KWvIUrffTBeBZyrXFGswI1a6ukn\nOGPNhNXgbxxUU+87E6XjyDnltQnwia34GH0J+HYCI5YPHeOZ6QVDmf47zZUOUNFY\nKmOovKwGAvr92eAoWa16MZGe9k5DZgixrPwTY2F8VYnXVN02C3cRxaFVh3xIoreO\nEp8AExc2ukB+YcQqQ0+8SU9qIv4nyvVxVb8bg5xK7GSRa1QLU96gNrF785sPzjNc\nCDi5rrnRD+HcxIH7ASy8IPl3Vh6ygSK5Epk1cZV7d1DnUtfgxCWzytW62QHZg5jY\n56Mi7RKkMCnPqlq7qhAg54kCAwEAAQ==\n-----END PUBLIC KEY-----\n",
            "rsa_bits": 4096
          },
          "sensitive_attributes": [
            [
              {
                "type": "get_attr",
                "value": "private_key_openssh"
              }
            ],
            [
              {
                "type": "get_attr",
                "value": "private_key_pem"
              }
            ],
            [
              {
                "type": "get_attr",
                "value": "private_key_pem_pkcs8"
              }
            ]
          ],
          "identity_schema_version": 0
        }
      ]
    }
  ],
  "check_results": null
}
